{
  "version": 4,
  "terraform_version": "1.1.9",
  "serial": 50,
  "lineage": "82f26f78-b0c2-7447-a6c4-2d6f2d5a6139",
  "outputs": {},
  "resources": [
    {
      "mode": "managed",
      "type": "aws_instance",
      "name": "example",
      "provider": "provider[\"registry.terraform.io/hashicorp/aws\"]",
      "instances": [
        {
          "schema_version": 1,
          "attributes": {
            "ami": "ami-0c4f7023847b90238",
            "arn": "arn:aws:ec2:us-east-1:499073001774:instance/i-0e959d714aad85b26",
            "associate_public_ip_address": true,
            "availability_zone": "us-east-1c",
            "capacity_reservation_specification": [
              {
                "capacity_reservation_preference": "open",
                "capacity_reservation_target": []
              }
            ],
            "cpu_core_count": 1,
            "cpu_threads_per_core": 1,
            "credit_specification": [
              {
                "cpu_credits": "standard"
              }
            ],
            "disable_api_termination": false,
            "ebs_block_device": [],
            "ebs_optimized": false,
            "enclave_options": [
              {
                "enabled": false
              }
            ],
            "ephemeral_block_device": [],
            "get_password_data": false,
            "hibernation": false,
            "host_id": null,
            "iam_instance_profile": "",
            "id": "i-0e959d714aad85b26",
            "instance_initiated_shutdown_behavior": "stop",
            "instance_state": "running",
            "instance_type": "t2.micro",
            "ipv6_address_count": 0,
            "ipv6_addresses": [],
            "key_name": "mykey",
            "launch_template": [],
            "metadata_options": [
              {
                "http_endpoint": "enabled",
                "http_put_response_hop_limit": 1,
                "http_tokens": "optional",
                "instance_metadata_tags": "disabled"
              }
            ],
            "monitoring": false,
            "network_interface": [],
            "outpost_arn": "",
            "password_data": "",
            "placement_group": "",
            "placement_partition_number": null,
            "primary_network_interface_id": "eni-0c1bc3d141de65ca6",
            "private_dns": "ip-172-31-89-99.ec2.internal",
            "private_ip": "172.31.89.99",
            "public_dns": "ec2-54-211-195-247.compute-1.amazonaws.com",
            "public_ip": "54.211.195.247",
            "root_block_device": [
              {
                "delete_on_termination": true,
                "device_name": "/dev/sda1",
                "encrypted": false,
                "iops": 100,
                "kms_key_id": "",
                "tags": {},
                "throughput": 0,
                "volume_id": "vol-0740b339434ae02ab",
                "volume_size": 8,
                "volume_type": "gp2"
              }
            ],
            "secondary_private_ips": [],
            "security_groups": [
              "default"
            ],
            "source_dest_check": true,
            "subnet_id": "subnet-05f78c14c9453cdc5",
            "tags": null,
            "tags_all": {},
            "tenancy": "default",
            "timeouts": null,
            "user_data": null,
            "user_data_base64": null,
            "user_data_replace_on_change": false,
            "volume_tags": null,
            "vpc_security_group_ids": [
              "sg-03c657b3b83fe1434"
            ]
          },
          "sensitive_attributes": [],
          "private": "eyJlMmJmYjczMC1lY2FhLTExZTYtOGY4OC0zNDM2M2JjN2M0YzAiOnsiY3JlYXRlIjo2MDAwMDAwMDAwMDAsImRlbGV0ZSI6MTIwMDAwMDAwMDAwMCwidXBkYXRlIjo2MDAwMDAwMDAwMDB9LCJzY2hlbWFfdmVyc2lvbiI6IjEifQ==",
          "dependencies": [
            "aws_key_pair.mykey"
          ]
        }
      ]
    },
    {
      "mode": "managed",
      "type": "aws_key_pair",
      "name": "mykey",
      "provider": "provider[\"registry.terraform.io/hashicorp/aws\"]",
      "instances": [
        {
          "schema_version": 1,
          "attributes": {
            "arn": "arn:aws:ec2:us-east-1:499073001774:key-pair/mykey",
            "fingerprint": "68:ef:72:37:04:e7:f1:ae:f5:19:4c:d4:25:61:96:c1",
            "id": "mykey",
            "key_name": "mykey",
            "key_name_prefix": "",
            "key_pair_id": "key-0fc6d4516a109922e",
            "public_key": "ssh-rsa AAAAB3NzaC1yc2EAAAADAQABAAABgQCpMdyZQONMNQryu6LOM8ec5o1YGj1h76SbKCOHRTczDTC+s1LbU6A/xOc3WygfywyHA7g9bylypKaghojddVADfa70x4zuDd2c0tL8dMIxcT5A3+uhuotDyMtP45Wda3mz+wiFrjY2v3x+3Dxel6TOfPm/6TLZYV7e4XCulVjpUjRFSE4GFdOna/FdOHExxcawuMcOwE1Me617o9iDmLdxV3eaqwPu7/2vBFIfkZ/4+C/9NfkxYHuX+iviY9NRRbruFnkBMyxnaa++XNajvz/Hc3rcbJweBUytD0eXNEjAShzTIwBZvcvxT7i+UIRHpkqf2Mvzw0m+tijc/VOSJuA4dEqnFZSqcXfv6Bgm9QtS5p7cxGoil/dM2DPhuwNCyzfq4OMb10Yf671q5Wnm036aMf2UBCEKxDYECMP1BX7zfwfiHB4SD297/95SpwPULvgrYvLs8weSONVVON3RJC9C98Uh4AeNThQVbj5+3TXsh5SRdp5P5wdAVgU2PwMG0bk= nandanisah@Nandani-Sah-I158s-MacBook-Pro.local",
            "tags": null,
            "tags_all": {}
          },
          "sensitive_attributes": [],
          "private": "eyJzY2hlbWFfdmVyc2lvbiI6IjEifQ=="
        }
      ]
    }
  ]
}
